{
  "version": "3",
  "packages": {
    "specifiers": {
      "jsr:@oak/commons@0.7": "jsr:@oak/commons@0.7.0",
      "jsr:@std/assert@0.218": "jsr:@std/assert@0.218.2",
      "jsr:@std/assert@^0.218.2": "jsr:@std/assert@0.218.2",
      "jsr:@std/bytes@0.218": "jsr:@std/bytes@0.218.2",
      "jsr:@std/bytes@^0.218.2": "jsr:@std/bytes@0.218.2",
      "jsr:@std/crypto@0.218": "jsr:@std/crypto@0.218.2",
      "jsr:@std/encoding@0.218": "jsr:@std/encoding@0.218.2",
      "jsr:@std/encoding@^0.218.2": "jsr:@std/encoding@0.218.2",
      "jsr:@std/http@0.218": "jsr:@std/http@0.218.2",
      "jsr:@std/io@0.218": "jsr:@std/io@0.218.2",
      "jsr:@std/media-types@0.218": "jsr:@std/media-types@0.218.2",
      "jsr:@std/path@0.218": "jsr:@std/path@0.218.2",
      "npm:@types/node": "npm:@types/node@18.16.19",
      "npm:path-to-regexp@6.2.1": "npm:path-to-regexp@6.2.1"
    },
    "jsr": {
      "@oak/commons@0.7.0": {
        "integrity": "4bd889b3dc9ddac1b602034d88c137f06de7078775961b51081beb5f175c120b"
      },
      "@std/assert@0.218.2": {
        "integrity": "7f0a5a1a8cf86607cd6c2c030584096e1ffad27fc9271429a8cb48cfbdee5eaf"
      },
      "@std/bytes@0.218.2": {
        "integrity": "91fe54b232dcca73856b79a817247f4a651dbb60d51baafafb6408c137241670"
      },
      "@std/crypto@0.218.2": {
        "integrity": "8c5031a3a1c3ac3bed3c0d4bed2fe7e7faedcb673bbfa0edd10570c8452f5cd2",
        "dependencies": [
          "jsr:@std/assert@^0.218.2",
          "jsr:@std/encoding@^0.218.2"
        ]
      },
      "@std/encoding@0.218.2": {
        "integrity": "da55a763c29bf0dbf06fd286430b358266eb99c28789d89fe9a3e28edecb8d8e"
      },
      "@std/http@0.218.2": {
        "integrity": "54223b62702e665b9dab6373ea2e51235e093ef47228d21cfa0469ee5ac75c9b",
        "dependencies": [
          "jsr:@std/assert@^0.218.2",
          "jsr:@std/encoding@^0.218.2"
        ]
      },
      "@std/io@0.218.2": {
        "integrity": "c64fbfa087b7c9d4d386c5672f291f607d88cb7d44fc299c20c713e345f2785f",
        "dependencies": [
          "jsr:@std/bytes@^0.218.2"
        ]
      },
      "@std/media-types@0.218.2": {
        "integrity": "1ed3bd2a05e44bad3fc2bab1767d0ce7f2fd68baee62a980751ce51633acb788"
      },
      "@std/path@0.218.2": {
        "integrity": "b568fd923d9e53ad76d17c513e7310bda8e755a3e825e6289a0ce536404e2662",
        "dependencies": [
          "jsr:@std/assert@^0.218.2"
        ]
      }
    },
    "npm": {
      "@types/node@18.16.19": {
        "integrity": "sha512-IXl7o+R9iti9eBW4Wg2hx1xQDig183jj7YLn8F7udNceyfkbn1ZxmzZXuak20gR40D7pIkIY1kYGx5VIGbaHKA==",
        "dependencies": {}
      },
      "path-to-regexp@6.2.1": {
        "integrity": "sha512-JLyh7xT1kizaEvcaXOQwOc2/Yhw6KZOvPf1S8401UyLk86CU79LN3vl7ztXGm/pZ+YjoyAJ4rxmHwbkBXJX+yw==",
        "dependencies": {}
      }
    }
  },
  "redirects": {
    "https://cdn.skypack.dev/@octokit/core@5": "https://cdn.skypack.dev/error/build:@octokit/core@v5.1.0-ujPhTqNpbkOQjCjzIc1v",
    "https://deno.land/std/http/server.ts": "https://deno.land/std@0.218.2/http/server.ts",
    "https://deno.land/x/oak/mod.ts": "https://deno.land/x/oak@14.2.0/mod.ts",
    "https://esm.sh/octokit?dts": "https://esm.sh/octokit@3.1.2?dts"
  },
  "remote": {
    "https://deno.land/x/oak@14.2.0/application.ts": "27242ca872580c44321b71e2581bcb7a81004b326b06bb7e90c2625278e405c2",
    "https://deno.land/x/oak@14.2.0/body.ts": "da0ad584c6fb8acbe3ccad288ebb5e5cfd5e65e8186c0f6d43516bb6c11fb968",
    "https://deno.land/x/oak@14.2.0/content_disposition.ts": "8b8c3cb2fba7138cd5b7f82fc3b5ea39b33db924a824b28261659db7e164621e",
    "https://deno.land/x/oak@14.2.0/context.ts": "6a48ba99151478c5f7fd84072f722f9d20dd73816f175f001dbb8716a5225f6f",
    "https://deno.land/x/oak@14.2.0/deps.ts": "9fdb7a99720ad023d609dda13f5d0cb995e8b5cc0e223e08cf2b1fb94c1ddca6",
    "https://deno.land/x/oak@14.2.0/etag.ts": "68d2b34b6bbf41a5e57181f26a90e22ab2f5230d77bf7679b567444fb1a107de",
    "https://deno.land/x/oak@14.2.0/form_data.ts": "dd3599c3b8e47e154434bf43049898187519117403d3494433a68d708f0d1937",
    "https://deno.land/x/oak@14.2.0/forwarded.ts": "97fa621071e4878ce64196055b49cdf8ee63f1bb39185c9446bfb817c209bcc9",
    "https://deno.land/x/oak@14.2.0/headers.ts": "4d74f92a6eda8746473612c04176823e3d12c52189aa4239e624a8ae61835f14",
    "https://deno.land/x/oak@14.2.0/helpers.ts": "d198b50cb13abb1629406882a483c078015d75b3343991ad8ec69aabff879372",
    "https://deno.land/x/oak@14.2.0/http_server_bun.ts": "7d36a3caab01578545257f8d197abc063d30f2df88529ba2e845006c74223910",
    "https://deno.land/x/oak@14.2.0/http_server_native.ts": "ee1598e4bf798a0f6dfc04cde6639d318f73ae25963b13bacc355466e369758a",
    "https://deno.land/x/oak@14.2.0/http_server_native_request.ts": "e34b9ef0e4a52bd3d5d761fff010256612e538aba1bef643c5ea805931e6a410",
    "https://deno.land/x/oak@14.2.0/http_server_node.ts": "9ab25aae469e52aecd4cca85345a8e8ad9af6112a96728c13900ab6d51558ab9",
    "https://deno.land/x/oak@14.2.0/middleware.ts": "5165e0c18f0a3b92bf01ca9d9f0ae211b30ca9b23a9460f11334459a2ff715aa",
    "https://deno.land/x/oak@14.2.0/middleware/proxy.ts": "c136d22c3e396fdee6a9c2e2ba65388bb895d0f82af412c197bc7cda69e5664e",
    "https://deno.land/x/oak@14.2.0/middleware/serve.ts": "83f6559b4cd5e5d30bcbe6acc8478bb7dbcb98af719952bc2810e2d6ead664ea",
    "https://deno.land/x/oak@14.2.0/mod.ts": "0d29f7941ab1f170436a15c3c1f5de4fa94fbe32f4ec79732ed6e06c6b581ceb",
    "https://deno.land/x/oak@14.2.0/node_shims.ts": "4db1569b2b79b73f37c4d947f4aaa50a93e266d48fe67601c8a31af17a28884d",
    "https://deno.land/x/oak@14.2.0/range.ts": "789cb5bc86987843c4ea47e054cad6ceacfbe853c0a57f37a46596b8215c458e",
    "https://deno.land/x/oak@14.2.0/request.ts": "86ea0498e934257ecc07d15ea83493547d9db49a29ae98b4bc76ab234e7d862b",
    "https://deno.land/x/oak@14.2.0/response.ts": "b1985ece7b727d5ba8830ada09318f98ff967b25f63f3e976fc2ebda03b59750",
    "https://deno.land/x/oak@14.2.0/router.ts": "568e45888c8a2a571e983129f337f8a944f492653ec943328dd58a4eb914c599",
    "https://deno.land/x/oak@14.2.0/send.ts": "2ca6b54b16092ab209e2cbea1803947d101c5381bd59a84df5ce44cb1811999d",
    "https://deno.land/x/oak@14.2.0/structured_clone.ts": "a01fa10ea9aae733264557f962630f155873d3bf45dbb2a8e53be5daa1b8cf5a",
    "https://deno.land/x/oak@14.2.0/testing.ts": "157711ade8634f9377ca87147db4317861d51388c82e0da4ae829c142a123db8",
    "https://deno.land/x/oak@14.2.0/types.ts": "09f0494db5d642e3492d23cd46da665d2df2590ef7e987b0412659260453d1f9",
    "https://deno.land/x/oak@14.2.0/util.ts": "22fb55001472158ed4bdf53ce1a6848e10860507aa9a2e16d0b92d2b420f2a90",
    "https://esm.sh/octokit@3.1.2?dts": "893be022afada9d0e7257eafae8743dd9d17decb5d905b6b5a2f60df9ca17de7",
    "https://esm.sh/v135/@octokit/app@14.0.2/denonext/app.mjs": "4334bfe731978a9e3275cb53c26d9f1a78d202e926c9c6571765885350a678d4",
    "https://esm.sh/v135/@octokit/auth-app@6.0.1/denonext/auth-app.mjs": "14a0d001c97de201f2494ed78be41009d190df4e24878209805dca4ccb61a205",
    "https://esm.sh/v135/@octokit/auth-oauth-app@7.0.1/denonext/auth-oauth-app.mjs": "5db38d887d10dd263d764a53836e1874e87a5d3daceee2610f4f847bfa7b36e4",
    "https://esm.sh/v135/@octokit/auth-oauth-device@6.0.1/denonext/auth-oauth-device.mjs": "7c910565cee30ef3b4de188f7a65c1fac550645556e3471e3836065764bb6414",
    "https://esm.sh/v135/@octokit/auth-oauth-user@4.0.1/denonext/auth-oauth-user.mjs": "553289459a184ba043e4e562365107cf8836c34c212017d72bfe57b67aa0e19b",
    "https://esm.sh/v135/@octokit/auth-token@4.0.0/denonext/auth-token.mjs": "ab9285959f2bc3ca7942bfb81df3e2f15f5895c829455156647faa403b75703b",
    "https://esm.sh/v135/@octokit/auth-unauthenticated@5.0.1/denonext/auth-unauthenticated.mjs": "df223324a50c37e1c1a30540cfc7734e0963def74e1b291b2b63e0e14b87ab12",
    "https://esm.sh/v135/@octokit/core@5.0.2/denonext/core.mjs": "4d8d486843690723fe2f314d80c7a7783450064dc6fae231f05c755e227038ec",
    "https://esm.sh/v135/@octokit/endpoint@9.0.2/denonext/endpoint.mjs": "1a7a902350655f7c029a1a98e045bdf9743224fdda396ea14bd5e1876baa1998",
    "https://esm.sh/v135/@octokit/graphql@7.0.2/denonext/graphql.mjs": "72aa9d18b1ba8bf45a778e7c1287ee6eb110c4e0dd9d0de56dab96ea7456e6c9",
    "https://esm.sh/v135/@octokit/oauth-app@6.0.0/denonext/oauth-app.mjs": "a657094cb2a799a4ba7364351fdfe83af1d21c51d2d1ac8dd09006b1c235b904",
    "https://esm.sh/v135/@octokit/oauth-authorization-url@6.0.2/denonext/oauth-authorization-url.mjs": "c4a3809c1092ab4135bbb65ba82e885b915a3e0b68e8c9554c98766388baa399",
    "https://esm.sh/v135/@octokit/oauth-methods@4.0.0/denonext/oauth-methods.mjs": "359d27e6a203d839ab9d9019baab5e48f30c006e112875e55e0573f5d048edd8",
    "https://esm.sh/v135/@octokit/plugin-paginate-graphql@4.0.0/denonext/plugin-paginate-graphql.mjs": "a5cecabc85094e79ec138accb9f901d01af7d3eda10f101b6f30c45ce934a354",
    "https://esm.sh/v135/@octokit/plugin-paginate-rest@9.1.4/denonext/plugin-paginate-rest.mjs": "6c9ba63573f33f1d8fb57ba720c8f7ebca633767cd9a0e0e3fa25c2fa91cbaa1",
    "https://esm.sh/v135/@octokit/plugin-rest-endpoint-methods@10.1.5/denonext/plugin-rest-endpoint-methods.mjs": "2252ba9ecfd252ef2e1f86c29ba6ef7c15f7bf308f74aace5d9ae511cb9a8538",
    "https://esm.sh/v135/@octokit/plugin-retry@6.0.1/denonext/plugin-retry.mjs": "748a9c9f95567f793f79f6c46f26ec27fc3f4c99ba024ad278cd4768d94fc2bf",
    "https://esm.sh/v135/@octokit/plugin-throttling@8.1.3/denonext/plugin-throttling.mjs": "3beb99119538438e6d27a613f31404ce291cf9a5696dac8aaf14bcf6a88de35a",
    "https://esm.sh/v135/@octokit/request-error@5.0.1/denonext/request-error.mjs": "29545da3e16820c62df13044b08c0238e1b26b0cdaaaaad5049899f45a75b8a8",
    "https://esm.sh/v135/@octokit/request@8.1.5/denonext/request.mjs": "566127b020f1790f6e79217464ca2c633381497b78b197031d11168c99896d81",
    "https://esm.sh/v135/@octokit/request@8.1.6/denonext/request.mjs": "9a63ba0df8cc60838b04851ea1b18ec989131ace2641f2ea540127b4328934f1",
    "https://esm.sh/v135/@octokit/webhooks-methods@4.0.0/denonext/webhooks-methods.mjs": "b44d80a07e6e698c95a2fc2789e2caf10b4ff821300e947b2e79c449453a7a19",
    "https://esm.sh/v135/@octokit/webhooks@12.0.8/denonext/webhooks.mjs": "17e72b77385247c8b81b9baeaf65b30a95eb80d7e4a442856033c5a13490e77e",
    "https://esm.sh/v135/aggregate-error@3.1.0/denonext/aggregate-error.mjs": "7f1b0c33a6a93091f69cf635c21670b53e1cc5f8dde9042ad7e4fbf371237aba",
    "https://esm.sh/v135/before-after-hook@2.2.3/denonext/before-after-hook.mjs": "f4262d059d899d7fcaa8d903bcf352df38ac1c040bb45273d79de200ffdad267",
    "https://esm.sh/v135/bottleneck@2.19.5/denonext/light.js": "964cbaaa1bf999d34a2410023ae269f921c82c72009c707a1fd02fb6abad5b1d",
    "https://esm.sh/v135/btoa-lite@1.0.0/denonext/btoa-lite.mjs": "5f8ecdf77c8824225e30cf84b62ded0fa667ef51fe1a8b772b1ddf46410bf78f",
    "https://esm.sh/v135/clean-stack@2.2.0/denonext/clean-stack.mjs": "8a2732fd195c0663d9f8a3957932215f3d4cb45dbe2f4747c9f39a966a4f067b",
    "https://esm.sh/v135/deprecation@2.3.1/denonext/deprecation.mjs": "0bf7139d1068345709e59dddb4daea315691d290a8c896a6e076dea02dd66eaf",
    "https://esm.sh/v135/indent-string@4.0.0/denonext/indent-string.mjs": "de4038b836a42fe2a7c453bd0b44cdae706a9560bbef99b1857c13f9d55ace14",
    "https://esm.sh/v135/is-plain-object@5.0.0/denonext/is-plain-object.mjs": "6d9568ddc8b90de99a46c63e14984810280b6b021dc4e478803b3c240811985f",
    "https://esm.sh/v135/lru-cache@10.0.3/denonext/lru-cache.mjs": "2d4e2536e768b1b5f84e7e0fddd277d007925b6377b7971497383ff1e47a75e6",
    "https://esm.sh/v135/octokit@3.1.2/denonext/octokit.mjs": "c4b017c39398f8dd882e22703fb3a8b84e263cf06be38ef48fd8cb71e0b1fb0c",
    "https://esm.sh/v135/once@1.4.0/denonext/once.mjs": "5ab9193c36609f6c5cf6f1e2e37dd952c87d8ff0b0267433c29b228a2c470cd5",
    "https://esm.sh/v135/universal-github-app-jwt@1.1.1/denonext/universal-github-app-jwt.mjs": "546280ef9d50e167172bc039c0c2f4348a728ae1732f467af726b08491d2ea18",
    "https://esm.sh/v135/universal-user-agent@6.0.1/denonext/universal-user-agent.mjs": "053324bcacbaf066d185d6bf0a3797ee474d975f720ce75351238e420fc82c22",
    "https://esm.sh/v135/wrappy@1.0.2/denonext/wrappy.mjs": "3c31e4782e0307cf56b319fcec6110f925dafe6cb47a8fa23350d480f5fa8b06"
  }
}
